// !$*UTF8*$!
{
	archiveVersion = 1;
	classes = {
	};
	objectVersion = 50;
	objects = {

/* Begin PBXBuildFile section */
		0A4A21812627F9DB00CE64BF /* CacheFeedUseCaseTests.swift in Sources */ = {isa = PBXBuildFile; fileRef = 0A4A21802627F9DB00CE64BF /* CacheFeedUseCaseTests.swift */; };
		0A62298426129B4600A6915B /* EssentialFeed.h in Headers */ = {isa = PBXBuildFile; fileRef = 0A62298226129B4600A6915B /* EssentialFeed.h */; settings = {ATTRIBUTES = (Public, ); }; };
		0A62299426129B6F00A6915B /* EssentialFeed.framework in Frameworks */ = {isa = PBXBuildFile; fileRef = 0A62297F26129B4600A6915B /* EssentialFeed.framework */; };
		0A62299D26129B8B00A6915B /* LoadFeedFromRemoteUseCaseTests.swift in Sources */ = {isa = PBXBuildFile; fileRef = 0A62299C26129B8B00A6915B /* LoadFeedFromRemoteUseCaseTests.swift */; };
		0A6229A326129BFC00A6915B /* FeedLoader.swift in Sources */ = {isa = PBXBuildFile; fileRef = 0A6229A126129BFC00A6915B /* FeedLoader.swift */; };
		0A6229A426129BFC00A6915B /* FeedImage.swift in Sources */ = {isa = PBXBuildFile; fileRef = 0A6229A226129BFC00A6915B /* FeedImage.swift */; };
		0A6229AB26129C2300A6915B /* RemoteFeedLoader.swift in Sources */ = {isa = PBXBuildFile; fileRef = 0A6229AA26129C2300A6915B /* RemoteFeedLoader.swift */; };
		0A74F2F426143C9A009B6555 /* HTTPClient.swift in Sources */ = {isa = PBXBuildFile; fileRef = 0A74F2F326143C9A009B6555 /* HTTPClient.swift */; };
		0A74F2F826143CFE009B6555 /* FeedItemMapper.swift in Sources */ = {isa = PBXBuildFile; fileRef = 0A74F2F726143CFE009B6555 /* FeedItemMapper.swift */; };
		0A74F34D261596E7009B6555 /* URLSessionHTTPClientTest.swift in Sources */ = {isa = PBXBuildFile; fileRef = 0A74F34C261596E6009B6555 /* URLSessionHTTPClientTest.swift */; };
		0A8EC516261681F900CEB3FF /* XCTTestCase+MemoryLeakTrackingHelper.swift in Sources */ = {isa = PBXBuildFile; fileRef = 0A8EC515261681F900CEB3FF /* XCTTestCase+MemoryLeakTrackingHelper.swift */; };
		0A8EC51C2616991700CEB3FF /* URLSessionHTTPClient.swift in Sources */ = {isa = PBXBuildFile; fileRef = 0A8EC51B2616991700CEB3FF /* URLSessionHTTPClient.swift */; };
		0A92DE522628BF02004BE304 /* LocalFeedLoader.swift in Sources */ = {isa = PBXBuildFile; fileRef = 0A92DE512628BF02004BE304 /* LocalFeedLoader.swift */; };
		0A92DE5A2628C04B004BE304 /* FeedStore.swift in Sources */ = {isa = PBXBuildFile; fileRef = 0A92DE592628C04B004BE304 /* FeedStore.swift */; };
		0A92DE5F26295183004BE304 /* RemoteFeedItem.swift in Sources */ = {isa = PBXBuildFile; fileRef = 0A92DE5E26295183004BE304 /* RemoteFeedItem.swift */; };
		0A92DE64262951C6004BE304 /* LocalFeedImage.swift in Sources */ = {isa = PBXBuildFile; fileRef = 0A92DE63262951C6004BE304 /* LocalFeedImage.swift */; };
		0AB110CE261D7417004DFCEE /* EssentialFeedAPIEndToEndTests.swift in Sources */ = {isa = PBXBuildFile; fileRef = 0AB110CD261D7417004DFCEE /* EssentialFeedAPIEndToEndTests.swift */; };
		0AB110D0261D7417004DFCEE /* EssentialFeed.framework in Frameworks */ = {isa = PBXBuildFile; fileRef = 0A62297F26129B4600A6915B /* EssentialFeed.framework */; };
		0AB110D9261D83C0004DFCEE /* XCTTestCase+MemoryLeakTrackingHelper.swift in Sources */ = {isa = PBXBuildFile; fileRef = 0A8EC515261681F900CEB3FF /* XCTTestCase+MemoryLeakTrackingHelper.swift */; };
		0AF0FE4B262A0597006A93A0 /* LoadFeedFromCacheUseCaseTests.swift in Sources */ = {isa = PBXBuildFile; fileRef = 0AF0FE4A262A0597006A93A0 /* LoadFeedFromCacheUseCaseTests.swift */; };
/* End PBXBuildFile section */

/* Begin PBXContainerItemProxy section */
		0A62299526129B6F00A6915B /* PBXContainerItemProxy */ = {
			isa = PBXContainerItemProxy;
			containerPortal = 0A62297626129B4600A6915B /* Project object */;
			proxyType = 1;
			remoteGlobalIDString = 0A62297E26129B4600A6915B;
			remoteInfo = EssentialFeed;
		};
		0AB110D1261D7417004DFCEE /* PBXContainerItemProxy */ = {
			isa = PBXContainerItemProxy;
			containerPortal = 0A62297626129B4600A6915B /* Project object */;
			proxyType = 1;
			remoteGlobalIDString = 0A62297E26129B4600A6915B;
			remoteInfo = EssentialFeed;
		};
/* End PBXContainerItemProxy section */

/* Begin PBXFileReference section */
		0A4A21802627F9DB00CE64BF /* CacheFeedUseCaseTests.swift */ = {isa = PBXFileReference; lastKnownFileType = sourcecode.swift; path = CacheFeedUseCaseTests.swift; sourceTree = "<group>"; };
		0A62297F26129B4600A6915B /* EssentialFeed.framework */ = {isa = PBXFileReference; explicitFileType = wrapper.framework; includeInIndex = 0; path = EssentialFeed.framework; sourceTree = BUILT_PRODUCTS_DIR; };
		0A62298226129B4600A6915B /* EssentialFeed.h */ = {isa = PBXFileReference; lastKnownFileType = sourcecode.c.h; path = EssentialFeed.h; sourceTree = "<group>"; };
		0A62298326129B4600A6915B /* Info.plist */ = {isa = PBXFileReference; lastKnownFileType = text.plist.xml; path = Info.plist; sourceTree = "<group>"; };
		0A62298F26129B6F00A6915B /* EssentialFeedTests.xctest */ = {isa = PBXFileReference; explicitFileType = wrapper.cfbundle; includeInIndex = 0; path = EssentialFeedTests.xctest; sourceTree = BUILT_PRODUCTS_DIR; };
		0A62299326129B6F00A6915B /* Info.plist */ = {isa = PBXFileReference; lastKnownFileType = text.plist.xml; path = Info.plist; sourceTree = "<group>"; };
		0A62299C26129B8B00A6915B /* LoadFeedFromRemoteUseCaseTests.swift */ = {isa = PBXFileReference; lastKnownFileType = sourcecode.swift; path = LoadFeedFromRemoteUseCaseTests.swift; sourceTree = "<group>"; };
		0A6229A126129BFC00A6915B /* FeedLoader.swift */ = {isa = PBXFileReference; fileEncoding = 4; lastKnownFileType = sourcecode.swift; path = FeedLoader.swift; sourceTree = "<group>"; };
		0A6229A226129BFC00A6915B /* FeedImage.swift */ = {isa = PBXFileReference; fileEncoding = 4; lastKnownFileType = sourcecode.swift; path = FeedImage.swift; sourceTree = "<group>"; };
		0A6229AA26129C2300A6915B /* RemoteFeedLoader.swift */ = {isa = PBXFileReference; fileEncoding = 4; lastKnownFileType = sourcecode.swift; path = RemoteFeedLoader.swift; sourceTree = "<group>"; };
		0A74F2F326143C9A009B6555 /* HTTPClient.swift */ = {isa = PBXFileReference; lastKnownFileType = sourcecode.swift; path = HTTPClient.swift; sourceTree = "<group>"; };
		0A74F2F726143CFE009B6555 /* FeedItemMapper.swift */ = {isa = PBXFileReference; lastKnownFileType = sourcecode.swift; path = FeedItemMapper.swift; sourceTree = "<group>"; };
		0A74F34C261596E6009B6555 /* URLSessionHTTPClientTest.swift */ = {isa = PBXFileReference; lastKnownFileType = sourcecode.swift; path = URLSessionHTTPClientTest.swift; sourceTree = "<group>"; };
		0A8EC515261681F900CEB3FF /* XCTTestCase+MemoryLeakTrackingHelper.swift */ = {isa = PBXFileReference; lastKnownFileType = sourcecode.swift; path = "XCTTestCase+MemoryLeakTrackingHelper.swift"; sourceTree = "<group>"; };
		0A8EC51B2616991700CEB3FF /* URLSessionHTTPClient.swift */ = {isa = PBXFileReference; lastKnownFileType = sourcecode.swift; path = URLSessionHTTPClient.swift; sourceTree = "<group>"; };
		0A92DE512628BF02004BE304 /* LocalFeedLoader.swift */ = {isa = PBXFileReference; lastKnownFileType = sourcecode.swift; path = LocalFeedLoader.swift; sourceTree = "<group>"; };
		0A92DE592628C04B004BE304 /* FeedStore.swift */ = {isa = PBXFileReference; lastKnownFileType = sourcecode.swift; path = FeedStore.swift; sourceTree = "<group>"; };
		0A92DE5E26295183004BE304 /* RemoteFeedItem.swift */ = {isa = PBXFileReference; lastKnownFileType = sourcecode.swift; path = RemoteFeedItem.swift; sourceTree = "<group>"; };
		0A92DE63262951C6004BE304 /* LocalFeedImage.swift */ = {isa = PBXFileReference; lastKnownFileType = sourcecode.swift; path = LocalFeedImage.swift; sourceTree = "<group>"; };
		0AB110CB261D7417004DFCEE /* EssentialFeedAPIEndToEndTests.xctest */ = {isa = PBXFileReference; explicitFileType = wrapper.cfbundle; includeInIndex = 0; path = EssentialFeedAPIEndToEndTests.xctest; sourceTree = BUILT_PRODUCTS_DIR; };
		0AB110CD261D7417004DFCEE /* EssentialFeedAPIEndToEndTests.swift */ = {isa = PBXFileReference; lastKnownFileType = sourcecode.swift; path = EssentialFeedAPIEndToEndTests.swift; sourceTree = "<group>"; };
		0AB110CF261D7417004DFCEE /* Info.plist */ = {isa = PBXFileReference; lastKnownFileType = text.plist.xml; path = Info.plist; sourceTree = "<group>"; };
		0AF0FE4A262A0597006A93A0 /* LoadFeedFromCacheUseCaseTests.swift */ = {isa = PBXFileReference; lastKnownFileType = sourcecode.swift; path = LoadFeedFromCacheUseCaseTests.swift; sourceTree = "<group>"; };
/* End PBXFileReference section */

/* Begin PBXFrameworksBuildPhase section */
		0A62297C26129B4600A6915B /* Frameworks */ = {
			isa = PBXFrameworksBuildPhase;
			buildActionMask = 2147483647;
			files = (
			);
			runOnlyForDeploymentPostprocessing = 0;
		};
		0A62298C26129B6F00A6915B /* Frameworks */ = {
			isa = PBXFrameworksBuildPhase;
			buildActionMask = 2147483647;
			files = (
				0A62299426129B6F00A6915B /* EssentialFeed.framework in Frameworks */,
			);
			runOnlyForDeploymentPostprocessing = 0;
		};
		0AB110C8261D7417004DFCEE /* Frameworks */ = {
			isa = PBXFrameworksBuildPhase;
			buildActionMask = 2147483647;
			files = (
				0AB110D0261D7417004DFCEE /* EssentialFeed.framework in Frameworks */,
			);
			runOnlyForDeploymentPostprocessing = 0;
		};
/* End PBXFrameworksBuildPhase section */

/* Begin PBXGroup section */
		0A4A217F2627F96400CE64BF /* Feed Cache */ = {
			isa = PBXGroup;
			children = (
				0A4A21802627F9DB00CE64BF /* CacheFeedUseCaseTests.swift */,
				0AF0FE4A262A0597006A93A0 /* LoadFeedFromCacheUseCaseTests.swift */,
			);
			path = "Feed Cache";
			sourceTree = "<group>";
		};
		0A62297526129B4600A6915B = {
			isa = PBXGroup;
			children = (
				0A62298126129B4600A6915B /* EssentialFeed */,
				0A62299026129B6F00A6915B /* EssentialFeedTests */,
				0AB110CC261D7417004DFCEE /* EssentialFeedAPIEndToEndTests */,
				0A62298026129B4600A6915B /* Products */,
			);
			sourceTree = "<group>";
		};
		0A62298026129B4600A6915B /* Products */ = {
			isa = PBXGroup;
			children = (
				0A62297F26129B4600A6915B /* EssentialFeed.framework */,
				0A62298F26129B6F00A6915B /* EssentialFeedTests.xctest */,
				0AB110CB261D7417004DFCEE /* EssentialFeedAPIEndToEndTests.xctest */,
			);
			name = Products;
			sourceTree = "<group>";
		};
		0A62298126129B4600A6915B /* EssentialFeed */ = {
			isa = PBXGroup;
			children = (
				0A92DE502628BEF0004BE304 /* Feed Cache */,
				0A6229A026129BEC00A6915B /* Feed Feature */,
				0A6229A926129C0600A6915B /* Feed Api */,
				0A62298226129B4600A6915B /* EssentialFeed.h */,
				0A62298326129B4600A6915B /* Info.plist */,
			);
			path = EssentialFeed;
			sourceTree = "<group>";
		};
		0A62299026129B6F00A6915B /* EssentialFeedTests */ = {
			isa = PBXGroup;
			children = (
				0A8EC514261681BE00CEB3FF /* Helpers */,
				0A4A217F2627F96400CE64BF /* Feed Cache */,
				0A74F2FB26144D28009B6555 /* Feed Api */,
				0A62299326129B6F00A6915B /* Info.plist */,
			);
			path = EssentialFeedTests;
			sourceTree = "<group>";
		};
		0A6229A026129BEC00A6915B /* Feed Feature */ = {
			isa = PBXGroup;
			children = (
				0A6229A226129BFC00A6915B /* FeedImage.swift */,
				0A6229A126129BFC00A6915B /* FeedLoader.swift */,
			);
			path = "Feed Feature";
			sourceTree = "<group>";
		};
		0A6229A926129C0600A6915B /* Feed Api */ = {
			isa = PBXGroup;
			children = (
				0A6229AA26129C2300A6915B /* RemoteFeedLoader.swift */,
				0A74F2F326143C9A009B6555 /* HTTPClient.swift */,
				0A74F2F726143CFE009B6555 /* FeedItemMapper.swift */,
				0A8EC51B2616991700CEB3FF /* URLSessionHTTPClient.swift */,
				0A92DE5E26295183004BE304 /* RemoteFeedItem.swift */,
			);
			path = "Feed Api";
			sourceTree = "<group>";
		};
		0A74F2FB26144D28009B6555 /* Feed Api */ = {
			isa = PBXGroup;
			children = (
				0A62299C26129B8B00A6915B /* LoadFeedFromRemoteUseCaseTests.swift */,
				0A74F34C261596E6009B6555 /* URLSessionHTTPClientTest.swift */,
			);
			path = "Feed Api";
			sourceTree = "<group>";
		};
		0A8EC514261681BE00CEB3FF /* Helpers */ = {
			isa = PBXGroup;
			children = (
				0A8EC515261681F900CEB3FF /* XCTTestCase+MemoryLeakTrackingHelper.swift */,
			);
			path = Helpers;
			sourceTree = "<group>";
		};
		0A92DE502628BEF0004BE304 /* Feed Cache */ = {
			isa = PBXGroup;
			children = (
				0A92DE512628BF02004BE304 /* LocalFeedLoader.swift */,
				0A92DE592628C04B004BE304 /* FeedStore.swift */,
				0A92DE63262951C6004BE304 /* LocalFeedImage.swift */,
			);
			path = "Feed Cache";
			sourceTree = "<group>";
		};
		0AB110CC261D7417004DFCEE /* EssentialFeedAPIEndToEndTests */ = {
			isa = PBXGroup;
			children = (
				0AB110CD261D7417004DFCEE /* EssentialFeedAPIEndToEndTests.swift */,
				0AB110CF261D7417004DFCEE /* Info.plist */,
			);
			path = EssentialFeedAPIEndToEndTests;
			sourceTree = "<group>";
		};
/* End PBXGroup section */

/* Begin PBXHeadersBuildPhase section */
		0A62297A26129B4600A6915B /* Headers */ = {
			isa = PBXHeadersBuildPhase;
			buildActionMask = 2147483647;
			files = (
				0A62298426129B4600A6915B /* EssentialFeed.h in Headers */,
			);
			runOnlyForDeploymentPostprocessing = 0;
		};
/* End PBXHeadersBuildPhase section */

/* Begin PBXNativeTarget section */
		0A62297E26129B4600A6915B /* EssentialFeed */ = {
			isa = PBXNativeTarget;
			buildConfigurationList = 0A62298726129B4600A6915B /* Build configuration list for PBXNativeTarget "EssentialFeed" */;
			buildPhases = (
				0A62297A26129B4600A6915B /* Headers */,
				0A62297B26129B4600A6915B /* Sources */,
				0A62297C26129B4600A6915B /* Frameworks */,
				0A62297D26129B4600A6915B /* Resources */,
			);
			buildRules = (
			);
			dependencies = (
			);
			name = EssentialFeed;
			productName = EssentialFeed;
			productReference = 0A62297F26129B4600A6915B /* EssentialFeed.framework */;
			productType = "com.apple.product-type.framework";
		};
		0A62298E26129B6F00A6915B /* EssentialFeedTests */ = {
			isa = PBXNativeTarget;
			buildConfigurationList = 0A62299726129B6F00A6915B /* Build configuration list for PBXNativeTarget "EssentialFeedTests" */;
			buildPhases = (
				0A62298B26129B6F00A6915B /* Sources */,
				0A62298C26129B6F00A6915B /* Frameworks */,
				0A62298D26129B6F00A6915B /* Resources */,
			);
			buildRules = (
			);
			dependencies = (
				0A62299626129B6F00A6915B /* PBXTargetDependency */,
			);
			name = EssentialFeedTests;
			productName = EssentialFeedTests;
			productReference = 0A62298F26129B6F00A6915B /* EssentialFeedTests.xctest */;
			productType = "com.apple.product-type.bundle.unit-test";
		};
		0AB110CA261D7417004DFCEE /* EssentialFeedAPIEndToEndTests */ = {
			isa = PBXNativeTarget;
			buildConfigurationList = 0AB110D5261D7417004DFCEE /* Build configuration list for PBXNativeTarget "EssentialFeedAPIEndToEndTests" */;
			buildPhases = (
				0AB110C7261D7417004DFCEE /* Sources */,
				0AB110C8261D7417004DFCEE /* Frameworks */,
				0AB110C9261D7417004DFCEE /* Resources */,
			);
			buildRules = (
			);
			dependencies = (
				0AB110D2261D7417004DFCEE /* PBXTargetDependency */,
			);
			name = EssentialFeedAPIEndToEndTests;
			productName = EssentialFeedAPIEndToEndTests;
			productReference = 0AB110CB261D7417004DFCEE /* EssentialFeedAPIEndToEndTests.xctest */;
			productType = "com.apple.product-type.bundle.unit-test";
		};
/* End PBXNativeTarget section */

/* Begin PBXProject section */
		0A62297626129B4600A6915B /* Project object */ = {
			isa = PBXProject;
			attributes = {
				LastSwiftUpdateCheck = 1240;
				LastUpgradeCheck = 1240;
				TargetAttributes = {
					0A62297E26129B4600A6915B = {
						CreatedOnToolsVersion = 12.4;
						LastSwiftMigration = 1240;
					};
					0A62298E26129B6F00A6915B = {
						CreatedOnToolsVersion = 12.4;
					};
					0AB110CA261D7417004DFCEE = {
						CreatedOnToolsVersion = 12.4;
					};
				};
			};
			buildConfigurationList = 0A62297926129B4600A6915B /* Build configuration list for PBXProject "EssentialFeed" */;
			compatibilityVersion = "Xcode 9.3";
			developmentRegion = en;
			hasScannedForEncodings = 0;
			knownRegions = (
				en,
				Base,
			);
			mainGroup = 0A62297526129B4600A6915B;
			productRefGroup = 0A62298026129B4600A6915B /* Products */;
			projectDirPath = "";
			projectRoot = "";
			targets = (
				0A62297E26129B4600A6915B /* EssentialFeed */,
				0A62298E26129B6F00A6915B /* EssentialFeedTests */,
				0AB110CA261D7417004DFCEE /* EssentialFeedAPIEndToEndTests */,
			);
		};
/* End PBXProject section */

/* Begin PBXResourcesBuildPhase section */
		0A62297D26129B4600A6915B /* Resources */ = {
			isa = PBXResourcesBuildPhase;
			buildActionMask = 2147483647;
			files = (
			);
			runOnlyForDeploymentPostprocessing = 0;
		};
		0A62298D26129B6F00A6915B /* Resources */ = {
			isa = PBXResourcesBuildPhase;
			buildActionMask = 2147483647;
			files = (
			);
			runOnlyForDeploymentPostprocessing = 0;
		};
		0AB110C9261D7417004DFCEE /* Resources */ = {
			isa = PBXResourcesBuildPhase;
			buildActionMask = 2147483647;
			files = (
			);
			runOnlyForDeploymentPostprocessing = 0;
		};
/* End PBXResourcesBuildPhase section */

/* Begin PBXSourcesBuildPhase section */
		0A62297B26129B4600A6915B /* Sources */ = {
			isa = PBXSourcesBuildPhase;
			buildActionMask = 2147483647;
			files = (
				0A6229A426129BFC00A6915B /* FeedImage.swift in Sources */,
				0A74F2F826143CFE009B6555 /* FeedItemMapper.swift in Sources */,
				0A92DE5F26295183004BE304 /* RemoteFeedItem.swift in Sources */,
				0A6229AB26129C2300A6915B /* RemoteFeedLoader.swift in Sources */,
				0A92DE64262951C6004BE304 /* LocalFeedImage.swift in Sources */,
				0A92DE5A2628C04B004BE304 /* FeedStore.swift in Sources */,
				0A92DE522628BF02004BE304 /* LocalFeedLoader.swift in Sources */,
				0A74F2F426143C9A009B6555 /* HTTPClient.swift in Sources */,
				0A6229A326129BFC00A6915B /* FeedLoader.swift in Sources */,
				0A8EC51C2616991700CEB3FF /* URLSessionHTTPClient.swift in Sources */,
			);
			runOnlyForDeploymentPostprocessing = 0;
		};
		0A62298B26129B6F00A6915B /* Sources */ = {
			isa = PBXSourcesBuildPhase;
			buildActionMask = 2147483647;
			files = (
				0A62299D26129B8B00A6915B /* LoadFeedFromRemoteUseCaseTests.swift in Sources */,
				0A74F34D261596E7009B6555 /* URLSessionHTTPClientTest.swift in Sources */,
				0A4A21812627F9DB00CE64BF /* CacheFeedUseCaseTests.swift in Sources */,
				0AF0FE4B262A0597006A93A0 /* LoadFeedFromCacheUseCaseTests.swift in Sources */,
				0A8EC516261681F900CEB3FF /* XCTTestCase+MemoryLeakTrackingHelper.swift in Sources */,
			);
			runOnlyForDeploymentPostprocessing = 0;
		};
		0AB110C7261D7417004DFCEE /* Sources */ = {
			isa = PBXSourcesBuildPhase;
			buildActionMask = 2147483647;
			files = (
				0AB110D9261D83C0004DFCEE /* XCTTestCase+MemoryLeakTrackingHelper.swift in Sources */,
				0AB110CE261D7417004DFCEE /* EssentialFeedAPIEndToEndTests.swift in Sources */,
			);
			runOnlyForDeploymentPostprocessing = 0;
		};
/* End PBXSourcesBuildPhase section */

/* Begin PBXTargetDependency section */
		0A62299626129B6F00A6915B /* PBXTargetDependency */ = {
			isa = PBXTargetDependency;
			target = 0A62297E26129B4600A6915B /* EssentialFeed */;
			targetProxy = 0A62299526129B6F00A6915B /* PBXContainerItemProxy */;
		};
		0AB110D2261D7417004DFCEE /* PBXTargetDependency */ = {
			isa = PBXTargetDependency;
			target = 0A62297E26129B4600A6915B /* EssentialFeed */;
			targetProxy = 0AB110D1261D7417004DFCEE /* PBXContainerItemProxy */;
		};
/* End PBXTargetDependency section */

/* Begin XCBuildConfiguration section */
		0A62298526129B4600A6915B /* Debug */ = {
			isa = XCBuildConfiguration;
			buildSettings = {
				ALWAYS_SEARCH_USER_PATHS = NO;
				CLANG_ANALYZER_NONNULL = YES;
				CLANG_ANALYZER_NUMBER_OBJECT_CONVERSION = YES_AGGRESSIVE;
				CLANG_CXX_LANGUAGE_STANDARD = "gnu++14";
				CLANG_CXX_LIBRARY = "libc++";
				CLANG_ENABLE_MODULES = YES;
				CLANG_ENABLE_OBJC_ARC = YES;
				CLANG_ENABLE_OBJC_WEAK = YES;
				CLANG_WARN_BLOCK_CAPTURE_AUTORELEASING = YES;
				CLANG_WARN_BOOL_CONVERSION = YES;
				CLANG_WARN_COMMA = YES;
				CLANG_WARN_CONSTANT_CONVERSION = YES;
				CLANG_WARN_DEPRECATED_OBJC_IMPLEMENTATIONS = YES;
				CLANG_WARN_DIRECT_OBJC_ISA_USAGE = YES_ERROR;
				CLANG_WARN_DOCUMENTATION_COMMENTS = YES;
				CLANG_WARN_EMPTY_BODY = YES;
				CLANG_WARN_ENUM_CONVERSION = YES;
				CLANG_WARN_INFINITE_RECURSION = YES;
				CLANG_WARN_INT_CONVERSION = YES;
				CLANG_WARN_NON_LITERAL_NULL_CONVERSION = YES;
				CLANG_WARN_OBJC_IMPLICIT_RETAIN_SELF = YES;
				CLANG_WARN_OBJC_LITERAL_CONVERSION = YES;
				CLANG_WARN_OBJC_ROOT_CLASS = YES_ERROR;
				CLANG_WARN_QUOTED_INCLUDE_IN_FRAMEWORK_HEADER = YES;
				CLANG_WARN_RANGE_LOOP_ANALYSIS = YES;
				CLANG_WARN_STRICT_PROTOTYPES = YES;
				CLANG_WARN_SUSPICIOUS_MOVE = YES;
				CLANG_WARN_UNGUARDED_AVAILABILITY = YES_AGGRESSIVE;
				CLANG_WARN_UNREACHABLE_CODE = YES;
				CLANG_WARN__DUPLICATE_METHOD_MATCH = YES;
				COPY_PHASE_STRIP = NO;
				CURRENT_PROJECT_VERSION = 1;
				DEBUG_INFORMATION_FORMAT = dwarf;
				ENABLE_STRICT_OBJC_MSGSEND = YES;
				ENABLE_TESTABILITY = YES;
				GCC_C_LANGUAGE_STANDARD = gnu11;
				GCC_DYNAMIC_NO_PIC = NO;
				GCC_NO_COMMON_BLOCKS = YES;
				GCC_OPTIMIZATION_LEVEL = 0;
				GCC_PREPROCESSOR_DEFINITIONS = (
					"DEBUG=1",
					"$(inherited)",
				);
				GCC_WARN_64_TO_32_BIT_CONVERSION = YES;
				GCC_WARN_ABOUT_RETURN_TYPE = YES_ERROR;
				GCC_WARN_UNDECLARED_SELECTOR = YES;
				GCC_WARN_UNINITIALIZED_AUTOS = YES_AGGRESSIVE;
				GCC_WARN_UNUSED_FUNCTION = YES;
				GCC_WARN_UNUSED_VARIABLE = YES;
				MACOSX_DEPLOYMENT_TARGET = 10.15;
				MTL_ENABLE_DEBUG_INFO = INCLUDE_SOURCE;
				MTL_FAST_MATH = YES;
				ONLY_ACTIVE_ARCH = YES;
				SDKROOT = macosx;
				SWIFT_ACTIVE_COMPILATION_CONDITIONS = DEBUG;
				SWIFT_OPTIMIZATION_LEVEL = "-Onone";
				VERSIONING_SYSTEM = "apple-generic";
				VERSION_INFO_PREFIX = "";
			};
			name = Debug;
		};
		0A62298626129B4600A6915B /* Release */ = {
			isa = XCBuildConfiguration;
			buildSettings = {
				ALWAYS_SEARCH_USER_PATHS = NO;
				CLANG_ANALYZER_NONNULL = YES;
				CLANG_ANALYZER_NUMBER_OBJECT_CONVERSION = YES_AGGRESSIVE;
				CLANG_CXX_LANGUAGE_STANDARD = "gnu++14";
				CLANG_CXX_LIBRARY = "libc++";
				CLANG_ENABLE_MODULES = YES;
				CLANG_ENABLE_OBJC_ARC = YES;
				CLANG_ENABLE_OBJC_WEAK = YES;
				CLANG_WARN_BLOCK_CAPTURE_AUTORELEASING = YES;
				CLANG_WARN_BOOL_CONVERSION = YES;
				CLANG_WARN_COMMA = YES;
				CLANG_WARN_CONSTANT_CONVERSION = YES;
				CLANG_WARN_DEPRECATED_OBJC_IMPLEMENTATIONS = YES;
				CLANG_WARN_DIRECT_OBJC_ISA_USAGE = YES_ERROR;
				CLANG_WARN_DOCUMENTATION_COMMENTS = YES;
				CLANG_WARN_EMPTY_BODY = YES;
				CLANG_WARN_ENUM_CONVERSION = YES;
				CLANG_WARN_INFINITE_RECURSION = YES;
				CLANG_WARN_INT_CONVERSION = YES;
				CLANG_WARN_NON_LITERAL_NULL_CONVERSION = YES;
				CLANG_WARN_OBJC_IMPLICIT_RETAIN_SELF = YES;
				CLANG_WARN_OBJC_LITERAL_CONVERSION = YES;
				CLANG_WARN_OBJC_ROOT_CLASS = YES_ERROR;
				CLANG_WARN_QUOTED_INCLUDE_IN_FRAMEWORK_HEADER = YES;
				CLANG_WARN_RANGE_LOOP_ANALYSIS = YES;
				CLANG_WARN_STRICT_PROTOTYPES = YES;
				CLANG_WARN_SUSPICIOUS_MOVE = YES;
				CLANG_WARN_UNGUARDED_AVAILABILITY = YES_AGGRESSIVE;
				CLANG_WARN_UNREACHABLE_CODE = YES;
				CLANG_WARN__DUPLICATE_METHOD_MATCH = YES;
				COPY_PHASE_STRIP = NO;
				CURRENT_PROJECT_VERSION = 1;
				DEBUG_INFORMATION_FORMAT = "dwarf-with-dsym";
				ENABLE_NS_ASSERTIONS = NO;
				ENABLE_STRICT_OBJC_MSGSEND = YES;
				GCC_C_LANGUAGE_STANDARD = gnu11;
				GCC_NO_COMMON_BLOCKS = YES;
				GCC_WARN_64_TO_32_BIT_CONVERSION = YES;
				GCC_WARN_ABOUT_RETURN_TYPE = YES_ERROR;
				GCC_WARN_UNDECLARED_SELECTOR = YES;
				GCC_WARN_UNINITIALIZED_AUTOS = YES_AGGRESSIVE;
				GCC_WARN_UNUSED_FUNCTION = YES;
				GCC_WARN_UNUSED_VARIABLE = YES;
				MACOSX_DEPLOYMENT_TARGET = 10.15;
				MTL_ENABLE_DEBUG_INFO = NO;
				MTL_FAST_MATH = YES;
				SDKROOT = macosx;
				SWIFT_COMPILATION_MODE = wholemodule;
				SWIFT_OPTIMIZATION_LEVEL = "-O";
				VERSIONING_SYSTEM = "apple-generic";
				VERSION_INFO_PREFIX = "";
			};
			name = Release;
		};
		0A62298826129B4600A6915B /* Debug */ = {
			isa = XCBuildConfiguration;
			buildSettings = {
				CLANG_ENABLE_MODULES = YES;
				CODE_SIGN_STYLE = Automatic;
				COMBINE_HIDPI_IMAGES = YES;
				DEFINES_MODULE = YES;
				DEVELOPMENT_TEAM = CH4P23R94R;
				DYLIB_COMPATIBILITY_VERSION = 1;
				DYLIB_CURRENT_VERSION = 1;
				DYLIB_INSTALL_NAME_BASE = "@rpath";
				INFOPLIST_FILE = EssentialFeed/Info.plist;
				INSTALL_PATH = "$(LOCAL_LIBRARY_DIR)/Frameworks";
				LD_RUNPATH_SEARCH_PATHS = (
					"$(inherited)",
					"@executable_path/../Frameworks",
					"@loader_path/Frameworks",
				);
				PRODUCT_BUNDLE_IDENTIFIER = com.finitebits.EssentialFeed;
				PRODUCT_NAME = "$(TARGET_NAME:c99extidentifier)";
				SKIP_INSTALL = YES;
				SWIFT_OPTIMIZATION_LEVEL = "-Onone";
				SWIFT_VERSION = 5.0;
			};
			name = Debug;
		};
		0A62298926129B4600A6915B /* Release */ = {
			isa = XCBuildConfiguration;
			buildSettings = {
				CLANG_ENABLE_MODULES = YES;
				CODE_SIGN_STYLE = Automatic;
				COMBINE_HIDPI_IMAGES = YES;
				DEFINES_MODULE = YES;
				DEVELOPMENT_TEAM = CH4P23R94R;
				DYLIB_COMPATIBILITY_VERSION = 1;
				DYLIB_CURRENT_VERSION = 1;
				DYLIB_INSTALL_NAME_BASE = "@rpath";
				INFOPLIST_FILE = EssentialFeed/Info.plist;
				INSTALL_PATH = "$(LOCAL_LIBRARY_DIR)/Frameworks";
				LD_RUNPATH_SEARCH_PATHS = (
					"$(inherited)",
					"@executable_path/../Frameworks",
					"@loader_path/Frameworks",
				);
				PRODUCT_BUNDLE_IDENTIFIER = com.finitebits.EssentialFeed;
				PRODUCT_NAME = "$(TARGET_NAME:c99extidentifier)";
				SKIP_INSTALL = YES;
				SWIFT_VERSION = 5.0;
			};
			name = Release;
		};
		0A62299826129B6F00A6915B /* Debug */ = {
			isa = XCBuildConfiguration;
			buildSettings = {
				ALWAYS_EMBED_SWIFT_STANDARD_LIBRARIES = YES;
				CODE_SIGN_STYLE = Automatic;
				COMBINE_HIDPI_IMAGES = YES;
				DEVELOPMENT_TEAM = CH4P23R94R;
				INFOPLIST_FILE = EssentialFeedTests/Info.plist;
				LD_RUNPATH_SEARCH_PATHS = (
					"$(inherited)",
					"@executable_path/../Frameworks",
					"@loader_path/../Frameworks",
				);
				PRODUCT_BUNDLE_IDENTIFIER = com.finitebits.EssentialFeedTests;
				PRODUCT_NAME = "$(TARGET_NAME)";
				SWIFT_VERSION = 5.0;
			};
			name = Debug;
		};
		0A62299926129B6F00A6915B /* Release */ = {
			isa = XCBuildConfiguration;
			buildSettings = {
				ALWAYS_EMBED_SWIFT_STANDARD_LIBRARIES = YES;
				CODE_SIGN_STYLE = Automatic;
				COMBINE_HIDPI_IMAGES = YES;
				DEVELOPMENT_TEAM = CH4P23R94R;
				INFOPLIST_FILE = EssentialFeedTests/Info.plist;
				LD_RUNPATH_SEARCH_PATHS = (
					"$(inherited)",
					"@executable_path/../Frameworks",
					"@loader_path/../Frameworks",
				);
				PRODUCT_BUNDLE_IDENTIFIER = com.finitebits.EssentialFeedTests;
				PRODUCT_NAME = "$(TARGET_NAME)";
				SWIFT_VERSION = 5.0;
			};
			name = Release;
		};
		0AB110D3261D7417004DFCEE /* Debug */ = {
			isa = XCBuildConfiguration;
			buildSettings = {
				CODE_SIGN_STYLE = Automatic;
				COMBINE_HIDPI_IMAGES = YES;
				DEVELOPMENT_TEAM = CH4P23R94R;
				INFOPLIST_FILE = EssentialFeedAPIEndToEndTests/Info.plist;
				LD_RUNPATH_SEARCH_PATHS = (
					"$(inherited)",
					"@executable_path/../Frameworks",
					"@loader_path/../Frameworks",
				);
				PRODUCT_BUNDLE_IDENTIFIER = com.finitebits.EssentialFeedAPIEndToEndTests;
				PRODUCT_NAME = "$(TARGET_NAME)";
				SWIFT_VERSION = 5.0;
			};
			name = Debug;
		};
		0AB110D4261D7417004DFCEE /* Release */ = {
			isa = XCBuildConfiguration;
			buildSettings = {
				CODE_SIGN_STYLE = Automatic;
				COMBINE_HIDPI_IMAGES = YES;
				DEVELOPMENT_TEAM = CH4P23R94R;
				INFOPLIST_FILE = EssentialFeedAPIEndToEndTests/Info.plist;
				LD_RUNPATH_SEARCH_PATHS = (
					"$(inherited)",
					"@executable_path/../Frameworks",
					"@loader_path/../Frameworks",
				);
				PRODUCT_BUNDLE_IDENTIFIER = com.finitebits.EssentialFeedAPIEndToEndTests;
				PRODUCT_NAME = "$(TARGET_NAME)";
				SWIFT_VERSION = 5.0;
			};
			name = Release;
		};
/* End XCBuildConfiguration section */

/* Begin XCConfigurationList section */
		0A62297926129B4600A6915B /* Build configuration list for PBXProject "EssentialFeed" */ = {
			isa = XCConfigurationList;
			buildConfigurations = (
				0A62298526129B4600A6915B /* Debug */,
				0A62298626129B4600A6915B /* Release */,
			);
			defaultConfigurationIsVisible = 0;
			defaultConfigurationName = Release;
		};
		0A62298726129B4600A6915B /* Build configuration list for PBXNativeTarget "EssentialFeed" */ = {
			isa = XCConfigurationList;
			buildConfigurations = (
				0A62298826129B4600A6915B /* Debug */,
				0A62298926129B4600A6915B /* Release */,
			);
			defaultConfigurationIsVisible = 0;
			defaultConfigurationName = Release;
		};
		0A62299726129B6F00A6915B /* Build configuration list for PBXNativeTarget "EssentialFeedTests" */ = {
			isa = XCConfigurationList;
			buildConfigurations = (
				0A62299826129B6F00A6915B /* Debug */,
				0A62299926129B6F00A6915B /* Release */,
			);
			defaultConfigurationIsVisible = 0;
			defaultConfigurationName = Release;
		};
		0AB110D5261D7417004DFCEE /* Build configuration list for PBXNativeTarget "EssentialFeedAPIEndToEndTests" */ = {
			isa = XCConfigurationList;
			buildConfigurations = (
				0AB110D3261D7417004DFCEE /* Debug */,
				0AB110D4261D7417004DFCEE /* Release */,
			);
			defaultConfigurationIsVisible = 0;
			defaultConfigurationName = Release;
		};
/* End XCConfigurationList section */
	};
	rootObject = 0A62297626129B4600A6915B /* Project object */;
}
